// !$*UTF8*$!
{
	archiveVersion = 1;
	classes = {
	};
	objectVersion = 77;
	objects = {

/* Begin PBXBuildFile section */
		011D6EA11871172D3EAC76CB /* ObservationRecordView.swift in Sources */ = {isa = PBXBuildFile; fileRef = FBCE0B9078509DFFC117339F /* ObservationRecordView.swift */; };
		034D179F87D0FA03A1C9FABA /* ObservationRecord.swift in Sources */ = {isa = PBXBuildFile; fileRef = BB13F58DAFB4B97D611643BD /* ObservationRecord.swift */; };
		1A332FEB8AF6AFE2E8E39F6A /* BirdCountCore.framework in Embed Frameworks */ = {isa = PBXBuildFile; fileRef = 490E29F6D3D7AA78458944AC /* BirdCountCore.framework */; settings = {ATTRIBUTES = (CodeSignOnCopy, RemoveHeadersOnCopy, ); }; };
		1FC3EA44A81F6C94E57C3757 /* CountAdjustSheet.swift in Sources */ = {isa = PBXBuildFile; fileRef = FFA8094EBAC869E648D7F854 /* CountAdjustSheet.swift */; };
		208E0E02373AB724A6117666 /* Taxon.swift in Sources */ = {isa = PBXBuildFile; fileRef = 74ADC22819086097B12402BC /* Taxon.swift */; };
		2F254EB92FDCE66308F3191B /* ObservationRecord.swift in Sources */ = {isa = PBXBuildFile; fileRef = BB13F58DAFB4B97D611643BD /* ObservationRecord.swift */; };
		368ABDC28BEE74FCF03AB008 /* Assets.xcassets in Resources */ = {isa = PBXBuildFile; fileRef = 1C2576ACDD95729987584994 /* Assets.xcassets */; };
		4217D9AF2D23AF11355EF353 /* generate_ios_taxonomy.mjs in Resources */ = {isa = PBXBuildFile; fileRef = E3424E4DDD31730B25CEEBC1 /* generate_ios_taxonomy.mjs */; };
		43633DA051B6ACEE6D0811D9 /* checklist-US-CA-041.json in Resources */ = {isa = PBXBuildFile; fileRef = AD12BB59D440BC995C372E0D /* checklist-US-CA-041.json */; };
		47FB6008BE8519B9F446ECED /* SettingsView.swift in Sources */ = {isa = PBXBuildFile; fileRef = 783AD92EE988689DEFC27F00 /* SettingsView.swift */; };
		50EE06DA5183920B0950A212 /* Taxon.swift in Sources */ = {isa = PBXBuildFile; fileRef = 74ADC22819086097B12402BC /* Taxon.swift */; };
		594E347B44CB9AE16D14A93F /* ObservationLogView.swift in Sources */ = {isa = PBXBuildFile; fileRef = 4FCA969A738EAD7B00CC123B /* ObservationLogView.swift */; };
		5B4143CF290C1B88ED929590 /* HomeView.swift in Sources */ = {isa = PBXBuildFile; fileRef = C3DA21F8B7A04FA9A2B01542 /* HomeView.swift */; };
		61DE8AC29A84ACE7792B4251 /* TaxonomyStore.swift in Sources */ = {isa = PBXBuildFile; fileRef = 102D036CF7E1F208793BECF3 /* TaxonomyStore.swift */; };
		6219220B199141F94E4AF58A /* BirdCountTests.swift in Sources */ = {isa = PBXBuildFile; fileRef = 905A41A6B9EC879EAD96F7CA /* BirdCountTests.swift */; };
		63489E2E87A31C6668A9EED7 /* BirdCountCore.framework in Frameworks */ = {isa = PBXBuildFile; fileRef = 490E29F6D3D7AA78458944AC /* BirdCountCore.framework */; };
		68D2F644EA81B5C2380F5DB2 /* checklist-US-ME.json in Resources */ = {isa = PBXBuildFile; fileRef = 77B3EC72050A052361E92911 /* checklist-US-ME.json */; };
		6C9CBAEA8E77832D8787CD76 /* SummaryView.swift in Sources */ = {isa = PBXBuildFile; fileRef = 6B0BA1474D059B40D0C1BEDC /* SummaryView.swift */; };
		75089FF45C05EBC6944800A2 /* ObservationStoreCache.swift in Sources */ = {isa = PBXBuildFile; fileRef = 4D9C8368572CC7976F0E8145 /* ObservationStoreCache.swift */; };
		757C953EF8E9A353E0737D51 /* RangeSelectorView.swift in Sources */ = {isa = PBXBuildFile; fileRef = D22F7391BED2166E79AC0A46 /* RangeSelectorView.swift */; };
		77AF3DEC1F3CE827F22D458E /* SettingsStore.swift in Sources */ = {isa = PBXBuildFile; fileRef = 4E83557E0B3151DB0A65A1E5 /* SettingsStore.swift */; };
		88723733D4405DC1AA55DB13 /* NumericPad.swift in Sources */ = {isa = PBXBuildFile; fileRef = CCCBE3E988878FA83F955105 /* NumericPad.swift */; };
		9011BEC0A95145374777045E /* TaxonomyStore.swift in Sources */ = {isa = PBXBuildFile; fileRef = 102D036CF7E1F208793BECF3 /* TaxonomyStore.swift */; };
		A3C57170B910A837385A6158 /* OnScreenKeyboard.swift in Sources */ = {isa = PBXBuildFile; fileRef = CA105FDD346A2759183A3BEE /* OnScreenKeyboard.swift */; };
		BAE59DC44E9938705B0A6BCF /* checklist.json in Resources */ = {isa = PBXBuildFile; fileRef = CC412F9A02FEF839809F38AC /* checklist.json */; };
		C0B46E941915D7EEBD03E60D /* ios_taxonomy_min.json in Resources */ = {isa = PBXBuildFile; fileRef = A9DD5F1234EFBE186A162092 /* ios_taxonomy_min.json */; };
		C365B63760F17794D9B0605A /* BirdCountApp.swift in Sources */ = {isa = PBXBuildFile; fileRef = 9F3E57E196D1687022B624BA /* BirdCountApp.swift */; };
		DA0F562E577225B3765DA0BF /* SettingsStore.swift in Sources */ = {isa = PBXBuildFile; fileRef = 4E83557E0B3151DB0A65A1E5 /* SettingsStore.swift */; };
		DD452196F163874F5DE69BCA /* ShareActivityView.swift in Sources */ = {isa = PBXBuildFile; fileRef = E1AE8BBD3313453070C1CF58 /* ShareActivityView.swift */; };
		E3EBCC21F641D4BB140C618B /* ObservationStoreCache.swift in Sources */ = {isa = PBXBuildFile; fileRef = 4D9C8368572CC7976F0E8145 /* ObservationStoreCache.swift */; };
		E7B00C8061B90FDD9F9041A3 /* CoreLogicTests.swift in Sources */ = {isa = PBXBuildFile; fileRef = 6177409CCCEA104A666AA11D /* CoreLogicTests.swift */; };
		F2F79D81B2BCF80CA15A9C4C /* ObservationStore.swift in Sources */ = {isa = PBXBuildFile; fileRef = F11C0F2EB5F5DDCE1C6106B1 /* ObservationStore.swift */; };
		F50783CF7870BE1FA0621CCD /* ObservationStore.swift in Sources */ = {isa = PBXBuildFile; fileRef = F11C0F2EB5F5DDCE1C6106B1 /* ObservationStore.swift */; };
/* End PBXBuildFile section */

/* Begin PBXContainerItemProxy section */
		ABB9B267E2F67061B8D62DC1 /* PBXContainerItemProxy */ = {
			isa = PBXContainerItemProxy;
			containerPortal = 6B65AF1245C07E46D5190E1B /* Project object */;
			proxyType = 1;
			remoteGlobalIDString = 7099E8994C1A196706EABC99;
			remoteInfo = BirdCountCore;
		};
		FDA9EAC974DB1F1C7D0D512D /* PBXContainerItemProxy */ = {
			isa = PBXContainerItemProxy;
			containerPortal = 6B65AF1245C07E46D5190E1B /* Project object */;
			proxyType = 1;
			remoteGlobalIDString = 83610DFEB2D4DA25A7719A11;
			remoteInfo = BirdCount;
		};
/* End PBXContainerItemProxy section */

/* Begin PBXCopyFilesBuildPhase section */
		B4BC13A6C56D6C1B73A38621 /* Embed Frameworks */ = {
			isa = PBXCopyFilesBuildPhase;
			buildActionMask = 2147483647;
			dstPath = "";
			dstSubfolderSpec = 10;
			files = (
				1A332FEB8AF6AFE2E8E39F6A /* BirdCountCore.framework in Embed Frameworks */,
			);
			name = "Embed Frameworks";
			runOnlyForDeploymentPostprocessing = 0;
		};
/* End PBXCopyFilesBuildPhase section */

/* Begin PBXFileReference section */
		041EE40F67A670AB0EA1B053 /* BirdCountCoreTests.xctest */ = {isa = PBXFileReference; explicitFileType = wrapper.cfbundle; includeInIndex = 0; path = BirdCountCoreTests.xctest; sourceTree = BUILT_PRODUCTS_DIR; };
		102D036CF7E1F208793BECF3 /* TaxonomyStore.swift */ = {isa = PBXFileReference; lastKnownFileType = sourcecode.swift; path = TaxonomyStore.swift; sourceTree = "<group>"; };
		1C2576ACDD95729987584994 /* Assets.xcassets */ = {isa = PBXFileReference; lastKnownFileType = folder.assetcatalog; path = Assets.xcassets; sourceTree = "<group>"; };
		4186A73E1CCA966174627C23 /* BirdCount.app */ = {isa = PBXFileReference; includeInIndex = 0; lastKnownFileType = wrapper.application; path = BirdCount.app; sourceTree = BUILT_PRODUCTS_DIR; };
		490E29F6D3D7AA78458944AC /* BirdCountCore.framework */ = {isa = PBXFileReference; explicitFileType = wrapper.framework; includeInIndex = 0; path = BirdCountCore.framework; sourceTree = BUILT_PRODUCTS_DIR; };
		4D9C8368572CC7976F0E8145 /* ObservationStoreCache.swift */ = {isa = PBXFileReference; lastKnownFileType = sourcecode.swift; path = ObservationStoreCache.swift; sourceTree = "<group>"; };
		4E83557E0B3151DB0A65A1E5 /* SettingsStore.swift */ = {isa = PBXFileReference; lastKnownFileType = sourcecode.swift; path = SettingsStore.swift; sourceTree = "<group>"; };
		4FCA969A738EAD7B00CC123B /* ObservationLogView.swift */ = {isa = PBXFileReference; lastKnownFileType = sourcecode.swift; path = ObservationLogView.swift; sourceTree = "<group>"; };
		6177409CCCEA104A666AA11D /* CoreLogicTests.swift */ = {isa = PBXFileReference; lastKnownFileType = sourcecode.swift; path = CoreLogicTests.swift; sourceTree = "<group>"; };
		6B0BA1474D059B40D0C1BEDC /* SummaryView.swift */ = {isa = PBXFileReference; lastKnownFileType = sourcecode.swift; path = SummaryView.swift; sourceTree = "<group>"; };
		6E9843D7277B138B6C1DBECF /* Info.plist */ = {isa = PBXFileReference; lastKnownFileType = text.plist; path = Info.plist; sourceTree = "<group>"; };
		74ADC22819086097B12402BC /* Taxon.swift */ = {isa = PBXFileReference; lastKnownFileType = sourcecode.swift; path = Taxon.swift; sourceTree = "<group>"; };
		77B3EC72050A052361E92911 /* checklist-US-ME.json */ = {isa = PBXFileReference; lastKnownFileType = text.json; path = "checklist-US-ME.json"; sourceTree = "<group>"; };
		783AD92EE988689DEFC27F00 /* SettingsView.swift */ = {isa = PBXFileReference; lastKnownFileType = sourcecode.swift; path = SettingsView.swift; sourceTree = "<group>"; };
		905A41A6B9EC879EAD96F7CA /* BirdCountTests.swift */ = {isa = PBXFileReference; lastKnownFileType = sourcecode.swift; path = BirdCountTests.swift; sourceTree = "<group>"; };
		9F3E57E196D1687022B624BA /* BirdCountApp.swift */ = {isa = PBXFileReference; lastKnownFileType = sourcecode.swift; path = BirdCountApp.swift; sourceTree = "<group>"; };
		A9DD5F1234EFBE186A162092 /* ios_taxonomy_min.json */ = {isa = PBXFileReference; lastKnownFileType = text.json; path = ios_taxonomy_min.json; sourceTree = "<group>"; };
		AD12BB59D440BC995C372E0D /* checklist-US-CA-041.json */ = {isa = PBXFileReference; lastKnownFileType = text.json; path = "checklist-US-CA-041.json"; sourceTree = "<group>"; };
		BB13F58DAFB4B97D611643BD /* ObservationRecord.swift */ = {isa = PBXFileReference; lastKnownFileType = sourcecode.swift; path = ObservationRecord.swift; sourceTree = "<group>"; };
		C3DA21F8B7A04FA9A2B01542 /* HomeView.swift */ = {isa = PBXFileReference; lastKnownFileType = sourcecode.swift; path = HomeView.swift; sourceTree = "<group>"; };
		CA105FDD346A2759183A3BEE /* OnScreenKeyboard.swift */ = {isa = PBXFileReference; lastKnownFileType = sourcecode.swift; path = OnScreenKeyboard.swift; sourceTree = "<group>"; };
		CC412F9A02FEF839809F38AC /* checklist.json */ = {isa = PBXFileReference; lastKnownFileType = text.json; path = checklist.json; sourceTree = "<group>"; };
		CCCBE3E988878FA83F955105 /* NumericPad.swift */ = {isa = PBXFileReference; lastKnownFileType = sourcecode.swift; path = NumericPad.swift; sourceTree = "<group>"; };
		D22F7391BED2166E79AC0A46 /* RangeSelectorView.swift */ = {isa = PBXFileReference; lastKnownFileType = sourcecode.swift; path = RangeSelectorView.swift; sourceTree = "<group>"; };
		E1AE8BBD3313453070C1CF58 /* ShareActivityView.swift */ = {isa = PBXFileReference; lastKnownFileType = sourcecode.swift; path = ShareActivityView.swift; sourceTree = "<group>"; };
		E3424E4DDD31730B25CEEBC1 /* generate_ios_taxonomy.mjs */ = {isa = PBXFileReference; path = generate_ios_taxonomy.mjs; sourceTree = "<group>"; };
		E88A4BACD0DF593F50C9EF1D /* BirdCountTests.xctest */ = {isa = PBXFileReference; includeInIndex = 0; lastKnownFileType = wrapper.cfbundle; path = BirdCountTests.xctest; sourceTree = BUILT_PRODUCTS_DIR; };
		F11C0F2EB5F5DDCE1C6106B1 /* ObservationStore.swift */ = {isa = PBXFileReference; lastKnownFileType = sourcecode.swift; path = ObservationStore.swift; sourceTree = "<group>"; };
		FBCE0B9078509DFFC117339F /* ObservationRecordView.swift */ = {isa = PBXFileReference; lastKnownFileType = sourcecode.swift; path = ObservationRecordView.swift; sourceTree = "<group>"; };
		FFA8094EBAC869E648D7F854 /* CountAdjustSheet.swift */ = {isa = PBXFileReference; lastKnownFileType = sourcecode.swift; path = CountAdjustSheet.swift; sourceTree = "<group>"; };
/* End PBXFileReference section */

/* Begin PBXFrameworksBuildPhase section */
		803E672D26D23A685BD2285A /* Frameworks */ = {
			isa = PBXFrameworksBuildPhase;
			buildActionMask = 2147483647;
			files = (
				63489E2E87A31C6668A9EED7 /* BirdCountCore.framework in Frameworks */,
			);
			runOnlyForDeploymentPostprocessing = 0;
		};
/* End PBXFrameworksBuildPhase section */

/* Begin PBXGroup section */
		0E9F1A2D5253B2E4B02E7D86 /* Stores */ = {
			isa = PBXGroup;
			children = (
				F11C0F2EB5F5DDCE1C6106B1 /* ObservationStore.swift */,
				4D9C8368572CC7976F0E8145 /* ObservationStoreCache.swift */,
				4E83557E0B3151DB0A65A1E5 /* SettingsStore.swift */,
				102D036CF7E1F208793BECF3 /* TaxonomyStore.swift */,
			);
			path = Stores;
			sourceTree = "<group>";
		};
		1B74F50056CF85E52DB1974F /* Scripts */ = {
			isa = PBXGroup;
			children = (
				E3424E4DDD31730B25CEEBC1 /* generate_ios_taxonomy.mjs */,
			);
			path = Scripts;
			sourceTree = "<group>";
		};
		24611EC614CC6D7A1864CA29 = {
			isa = PBXGroup;
			children = (
				9B6D1315E951F29EB7E1E177 /* BirdCount */,
				AD9AA4802F555D2EC055E9C5 /* data */,
				F0D67BCB3839FEA896C7F00D /* Tests */,
				A853DCBD864B320C3679D278 /* TestsCore */,
				593A6844D89FD614BB1D61E8 /* Products */,
			);
			sourceTree = "<group>";
		};
		506504D8E4EB265F3C61EE8F /* Components */ = {
			isa = PBXGroup;
			children = (
				FFA8094EBAC869E648D7F854 /* CountAdjustSheet.swift */,
				CCCBE3E988878FA83F955105 /* NumericPad.swift */,
				FBCE0B9078509DFFC117339F /* ObservationRecordView.swift */,
				CA105FDD346A2759183A3BEE /* OnScreenKeyboard.swift */,
				D22F7391BED2166E79AC0A46 /* RangeSelectorView.swift */,
				E1AE8BBD3313453070C1CF58 /* ShareActivityView.swift */,
			);
			path = Components;
			sourceTree = "<group>";
		};
		593A6844D89FD614BB1D61E8 /* Products */ = {
			isa = PBXGroup;
			children = (
				4186A73E1CCA966174627C23 /* BirdCount.app */,
				490E29F6D3D7AA78458944AC /* BirdCountCore.framework */,
				041EE40F67A670AB0EA1B053 /* BirdCountCoreTests.xctest */,
				E88A4BACD0DF593F50C9EF1D /* BirdCountTests.xctest */,
			);
			name = Products;
			sourceTree = "<group>";
		};
		78B9C2EEC76652E9C1DC01AC /* Models */ = {
			isa = PBXGroup;
			children = (
				BB13F58DAFB4B97D611643BD /* ObservationRecord.swift */,
				74ADC22819086097B12402BC /* Taxon.swift */,
			);
			path = Models;
			sourceTree = "<group>";
		};
		9B6D1315E951F29EB7E1E177 /* BirdCount */ = {
			isa = PBXGroup;
			children = (
				9F3E57E196D1687022B624BA /* BirdCountApp.swift */,
				F8D30DB1E6B90E66BCDF31DA /* BirdCount */,
				78B9C2EEC76652E9C1DC01AC /* Models */,
				BDFC81D89BC0C43232A8FBF1 /* Resources */,
				1B74F50056CF85E52DB1974F /* Scripts */,
				0E9F1A2D5253B2E4B02E7D86 /* Stores */,
				D64D0655932AD754A88CE98C /* Views */,
			);
			path = BirdCount;
			sourceTree = "<group>";
		};
		A853DCBD864B320C3679D278 /* TestsCore */ = {
			isa = PBXGroup;
			children = (
				6177409CCCEA104A666AA11D /* CoreLogicTests.swift */,
			);
			path = TestsCore;
			sourceTree = "<group>";
		};
		AD9AA4802F555D2EC055E9C5 /* data */ = {
			isa = PBXGroup;
			children = (
				AD12BB59D440BC995C372E0D /* checklist-US-CA-041.json */,
				77B3EC72050A052361E92911 /* checklist-US-ME.json */,
				CC412F9A02FEF839809F38AC /* checklist.json */,
			);
			path = data;
			sourceTree = "<group>";
		};
		BDFC81D89BC0C43232A8FBF1 /* Resources */ = {
			isa = PBXGroup;
			children = (
				1C2576ACDD95729987584994 /* Assets.xcassets */,
				A9DD5F1234EFBE186A162092 /* ios_taxonomy_min.json */,
			);
			path = Resources;
			sourceTree = "<group>";
		};
		C31E1911350BA41CAA275C11 /* Settings */ = {
			isa = PBXGroup;
			children = (
				783AD92EE988689DEFC27F00 /* SettingsView.swift */,
			);
			path = Settings;
			sourceTree = "<group>";
		};
		D64D0655932AD754A88CE98C /* Views */ = {
			isa = PBXGroup;
			children = (
				506504D8E4EB265F3C61EE8F /* Components */,
				EFBC3D1234B751ADCA8AF7DA /* Home */,
				C31E1911350BA41CAA275C11 /* Settings */,
				DC4A1644E50266BEDDD2B064 /* Summary */,
			);
			path = Views;
			sourceTree = "<group>";
		};
		DC4A1644E50266BEDDD2B064 /* Summary */ = {
			isa = PBXGroup;
			children = (
				4FCA969A738EAD7B00CC123B /* ObservationLogView.swift */,
				6B0BA1474D059B40D0C1BEDC /* SummaryView.swift */,
			);
			path = Summary;
			sourceTree = "<group>";
		};
		EFBC3D1234B751ADCA8AF7DA /* Home */ = {
			isa = PBXGroup;
			children = (
				C3DA21F8B7A04FA9A2B01542 /* HomeView.swift */,
			);
			path = Home;
			sourceTree = "<group>";
		};
		F0D67BCB3839FEA896C7F00D /* Tests */ = {
			isa = PBXGroup;
			children = (
				905A41A6B9EC879EAD96F7CA /* BirdCountTests.swift */,
			);
			path = Tests;
			sourceTree = "<group>";
		};
		F8D30DB1E6B90E66BCDF31DA /* BirdCount */ = {
			isa = PBXGroup;
			children = (
				6E9843D7277B138B6C1DBECF /* Info.plist */,
			);
			path = BirdCount;
			sourceTree = "<group>";
		};
/* End PBXGroup section */

/* Begin PBXNativeTarget section */
		0CF98F2D011BE7A13BD69261 /* BirdCountTests */ = {
			isa = PBXNativeTarget;
			buildConfigurationList = 43D78743668B146AEE290428 /* Build configuration list for PBXNativeTarget "BirdCountTests" */;
			buildPhases = (
				E49F76B12F1A802914A20F3C /* Sources */,
			);
			buildRules = (
			);
			dependencies = (
				222E9243F8C6B7A39AAAAA95 /* PBXTargetDependency */,
			);
			name = BirdCountTests;
			packageProductDependencies = (
			);
			productName = BirdCountTests;
			productReference = E88A4BACD0DF593F50C9EF1D /* BirdCountTests.xctest */;
			productType = "com.apple.product-type.bundle.unit-test";
		};
		20C49064944D4D2CB5500E92 /* BirdCountCoreTests */ = {
			isa = PBXNativeTarget;
			buildConfigurationList = 363F05C82630623EA5C07B7E /* Build configuration list for PBXNativeTarget "BirdCountCoreTests" */;
			buildPhases = (
				45264986C56602FA142E36FB /* Sources */,
				803E672D26D23A685BD2285A /* Frameworks */,
				B4BC13A6C56D6C1B73A38621 /* Embed Frameworks */,
			);
			buildRules = (
			);
			dependencies = (
				B68B5EE51C92B0E96596F4A4 /* PBXTargetDependency */,
			);
			name = BirdCountCoreTests;
			packageProductDependencies = (
			);
			productName = BirdCountCoreTests;
			productReference = 041EE40F67A670AB0EA1B053 /* BirdCountCoreTests.xctest */;
			productType = "com.apple.product-type.bundle.unit-test";
		};
		7099E8994C1A196706EABC99 /* BirdCountCore */ = {
			isa = PBXNativeTarget;
			buildConfigurationList = 309F7BF35E37D0FE11358263 /* Build configuration list for PBXNativeTarget "BirdCountCore" */;
			buildPhases = (
				D12DD94F8D65C778CF665E8B /* Sources */,
			);
			buildRules = (
			);
			dependencies = (
			);
			name = BirdCountCore;
			packageProductDependencies = (
			);
			productName = BirdCountCore;
			productReference = 490E29F6D3D7AA78458944AC /* BirdCountCore.framework */;
			productType = "com.apple.product-type.framework";
		};
		83610DFEB2D4DA25A7719A11 /* BirdCount */ = {
			isa = PBXNativeTarget;
			buildConfigurationList = 8C271E7F5BEA81D09EBD1323 /* Build configuration list for PBXNativeTarget "BirdCount" */;
			buildPhases = (
				9F9531B270C5DC63A9D806F4 /* Sources */,
				8407163C56FD9A8FAB5D85CF /* Resources */,
			);
			buildRules = (
			);
			dependencies = (
			);
			name = BirdCount;
			packageProductDependencies = (
			);
			productName = BirdCount;
			productReference = 4186A73E1CCA966174627C23 /* BirdCount.app */;
			productType = "com.apple.product-type.application";
		};
/* End PBXNativeTarget section */

/* Begin PBXProject section */
		6B65AF1245C07E46D5190E1B /* Project object */ = {
			isa = PBXProject;
			attributes = {
				BuildIndependentTargetsInParallel = YES;
				LastUpgradeCheck = 1430;
			};
			buildConfigurationList = 8DD62C39EA86F0F12E7D70F5 /* Build configuration list for PBXProject "BirdCount" */;
			compatibilityVersion = "Xcode 14.0";
			developmentRegion = en;
			hasScannedForEncodings = 0;
			knownRegions = (
				Base,
				en,
			);
			mainGroup = 24611EC614CC6D7A1864CA29;
			minimizedProjectReferenceProxies = 1;
			preferredProjectObjectVersion = 77;
			projectDirPath = "";
			projectRoot = "";
			targets = (
				83610DFEB2D4DA25A7719A11 /* BirdCount */,
				7099E8994C1A196706EABC99 /* BirdCountCore */,
				20C49064944D4D2CB5500E92 /* BirdCountCoreTests */,
				0CF98F2D011BE7A13BD69261 /* BirdCountTests */,
			);
		};
/* End PBXProject section */

/* Begin PBXResourcesBuildPhase section */
		8407163C56FD9A8FAB5D85CF /* Resources */ = {
			isa = PBXResourcesBuildPhase;
			buildActionMask = 2147483647;
			files = (
				368ABDC28BEE74FCF03AB008 /* Assets.xcassets in Resources */,
				43633DA051B6ACEE6D0811D9 /* checklist-US-CA-041.json in Resources */,
				68D2F644EA81B5C2380F5DB2 /* checklist-US-ME.json in Resources */,
				BAE59DC44E9938705B0A6BCF /* checklist.json in Resources */,
				4217D9AF2D23AF11355EF353 /* generate_ios_taxonomy.mjs in Resources */,
				C0B46E941915D7EEBD03E60D /* ios_taxonomy_min.json in Resources */,
			);
			runOnlyForDeploymentPostprocessing = 0;
		};
/* End PBXResourcesBuildPhase section */

/* Begin PBXSourcesBuildPhase section */
		45264986C56602FA142E36FB /* Sources */ = {
			isa = PBXSourcesBuildPhase;
			buildActionMask = 2147483647;
			files = (
				E7B00C8061B90FDD9F9041A3 /* CoreLogicTests.swift in Sources */,
			);
			runOnlyForDeploymentPostprocessing = 0;
		};
		9F9531B270C5DC63A9D806F4 /* Sources */ = {
			isa = PBXSourcesBuildPhase;
			buildActionMask = 2147483647;
			files = (
				C365B63760F17794D9B0605A /* BirdCountApp.swift in Sources */,
				1FC3EA44A81F6C94E57C3757 /* CountAdjustSheet.swift in Sources */,
				5B4143CF290C1B88ED929590 /* HomeView.swift in Sources */,
				88723733D4405DC1AA55DB13 /* NumericPad.swift in Sources */,
				594E347B44CB9AE16D14A93F /* ObservationLogView.swift in Sources */,
				2F254EB92FDCE66308F3191B /* ObservationRecord.swift in Sources */,
				011D6EA11871172D3EAC76CB /* ObservationRecordView.swift in Sources */,
				F50783CF7870BE1FA0621CCD /* ObservationStore.swift in Sources */,
				75089FF45C05EBC6944800A2 /* ObservationStoreCache.swift in Sources */,
				A3C57170B910A837385A6158 /* OnScreenKeyboard.swift in Sources */,
				757C953EF8E9A353E0737D51 /* RangeSelectorView.swift in Sources */,
				DA0F562E577225B3765DA0BF /* SettingsStore.swift in Sources */,
				47FB6008BE8519B9F446ECED /* SettingsView.swift in Sources */,
				DD452196F163874F5DE69BCA /* ShareActivityView.swift in Sources */,
				6C9CBAEA8E77832D8787CD76 /* SummaryView.swift in Sources */,
				208E0E02373AB724A6117666 /* Taxon.swift in Sources */,
				9011BEC0A95145374777045E /* TaxonomyStore.swift in Sources */,
			);
			runOnlyForDeploymentPostprocessing = 0;
		};
		D12DD94F8D65C778CF665E8B /* Sources */ = {
			isa = PBXSourcesBuildPhase;
			buildActionMask = 2147483647;
			files = (
				034D179F87D0FA03A1C9FABA /* ObservationRecord.swift in Sources */,
				F2F79D81B2BCF80CA15A9C4C /* ObservationStore.swift in Sources */,
				E3EBCC21F641D4BB140C618B /* ObservationStoreCache.swift in Sources */,
				77AF3DEC1F3CE827F22D458E /* SettingsStore.swift in Sources */,
				50EE06DA5183920B0950A212 /* Taxon.swift in Sources */,
				61DE8AC29A84ACE7792B4251 /* TaxonomyStore.swift in Sources */,
			);
			runOnlyForDeploymentPostprocessing = 0;
		};
		E49F76B12F1A802914A20F3C /* Sources */ = {
			isa = PBXSourcesBuildPhase;
			buildActionMask = 2147483647;
			files = (
				6219220B199141F94E4AF58A /* BirdCountTests.swift in Sources */,
			);
			runOnlyForDeploymentPostprocessing = 0;
		};
/* End PBXSourcesBuildPhase section */

/* Begin PBXTargetDependency section */
		222E9243F8C6B7A39AAAAA95 /* PBXTargetDependency */ = {
			isa = PBXTargetDependency;
			target = 83610DFEB2D4DA25A7719A11 /* BirdCount */;
			targetProxy = FDA9EAC974DB1F1C7D0D512D /* PBXContainerItemProxy */;
		};
		B68B5EE51C92B0E96596F4A4 /* PBXTargetDependency */ = {
			isa = PBXTargetDependency;
			target = 7099E8994C1A196706EABC99 /* BirdCountCore */;
			targetProxy = ABB9B267E2F67061B8D62DC1 /* PBXContainerItemProxy */;
		};
/* End PBXTargetDependency section */

/* Begin XCBuildConfiguration section */
		06D83211D8FD4F06736B557D /* Debug */ = {
			isa = XCBuildConfiguration;
			buildSettings = {
				ASSETCATALOG_COMPILER_APPICON_NAME = AppIcon;
				CODE_SIGN_IDENTITY = "iPhone Developer";
				INFOPLIST_FILE = BirdCount/BirdCount/Info.plist;
				IPHONEOS_DEPLOYMENT_TARGET = 18.5;
				LD_RUNPATH_SEARCH_PATHS = (
					"$(inherited)",
					"@executable_path/Frameworks",
				);
				PRODUCT_BUNDLE_IDENTIFIER = com.birdcount.app;
				SDKROOT = iphoneos;
				TARGETED_DEVICE_FAMILY = "1,2";
			};
			name = Debug;
		};
		163B010BD0187B400F907C4E /* Release */ = {
			isa = XCBuildConfiguration;
			buildSettings = {
				BUNDLE_LOADER = "$(TEST_HOST)";
				CODE_SIGNING_ALLOWED = NO;
				COMBINE_HIDPI_IMAGES = YES;
				GENERATE_INFOPLIST_FILE = YES;
				LD_RUNPATH_SEARCH_PATHS = (
					"$(inherited)",
					"@executable_path/../Frameworks",
					"@loader_path/../Frameworks",
				);
				MACOSX_DEPLOYMENT_TARGET = 14.0;
				PRODUCT_BUNDLE_IDENTIFIER = com.birdcount.core.tests;
				SDKROOT = macosx;
			};
			name = Release;
		};
		3603EDAA027DDDDAF4DF8CE1 /* Debug */ = {
			isa = XCBuildConfiguration;
			buildSettings = {
				ALWAYS_SEARCH_USER_PATHS = NO;
				CLANG_ANALYZER_NONNULL = YES;
				CLANG_ANALYZER_NUMBER_OBJECT_CONVERSION = YES_AGGRESSIVE;
				CLANG_CXX_LANGUAGE_STANDARD = "gnu++14";
				CLANG_CXX_LIBRARY = "libc++";
				CLANG_ENABLE_MODULES = YES;
				CLANG_ENABLE_OBJC_ARC = YES;
				CLANG_ENABLE_OBJC_WEAK = YES;
				CLANG_WARN_BLOCK_CAPTURE_AUTORELEASING = YES;
				CLANG_WARN_BOOL_CONVERSION = YES;
				CLANG_WARN_COMMA = YES;
				CLANG_WARN_CONSTANT_CONVERSION = YES;
				CLANG_WARN_DEPRECATED_OBJC_IMPLEMENTATIONS = YES;
				CLANG_WARN_DIRECT_OBJC_ISA_USAGE = YES_ERROR;
				CLANG_WARN_DOCUMENTATION_COMMENTS = YES;
				CLANG_WARN_EMPTY_BODY = YES;
				CLANG_WARN_ENUM_CONVERSION = YES;
				CLANG_WARN_INFINITE_RECURSION = YES;
				CLANG_WARN_INT_CONVERSION = YES;
				CLANG_WARN_NON_LITERAL_NULL_CONVERSION = YES;
				CLANG_WARN_OBJC_IMPLICIT_RETAIN_SELF = YES;
				CLANG_WARN_OBJC_LITERAL_CONVERSION = YES;
				CLANG_WARN_OBJC_ROOT_CLASS = YES_ERROR;
				CLANG_WARN_QUOTED_INCLUDE_IN_FRAMEWORK_HEADER = YES;
				CLANG_WARN_RANGE_LOOP_ANALYSIS = YES;
				CLANG_WARN_STRICT_PROTOTYPES = YES;
				CLANG_WARN_SUSPICIOUS_MOVE = YES;
				CLANG_WARN_UNGUARDED_AVAILABILITY = YES_AGGRESSIVE;
				CLANG_WARN_UNREACHABLE_CODE = YES;
				CLANG_WARN__DUPLICATE_METHOD_MATCH = YES;
				COPY_PHASE_STRIP = NO;
				DEBUG_INFORMATION_FORMAT = dwarf;
				ENABLE_STRICT_OBJC_MSGSEND = YES;
				ENABLE_TESTABILITY = YES;
				GCC_C_LANGUAGE_STANDARD = gnu11;
				GCC_DYNAMIC_NO_PIC = NO;
				GCC_NO_COMMON_BLOCKS = YES;
				GCC_OPTIMIZATION_LEVEL = 0;
				GCC_PREPROCESSOR_DEFINITIONS = (
					"$(inherited)",
					"DEBUG=1",
				);
				GCC_WARN_64_TO_32_BIT_CONVERSION = YES;
				GCC_WARN_ABOUT_RETURN_TYPE = YES_ERROR;
				GCC_WARN_UNDECLARED_SELECTOR = YES;
				GCC_WARN_UNINITIALIZED_AUTOS = YES_AGGRESSIVE;
				GCC_WARN_UNUSED_FUNCTION = YES;
				GCC_WARN_UNUSED_VARIABLE = YES;
				IPHONEOS_DEPLOYMENT_TARGET = 18.5;
				MTL_ENABLE_DEBUG_INFO = INCLUDE_SOURCE;
				MTL_FAST_MATH = YES;
				ONLY_ACTIVE_ARCH = YES;
				PRODUCT_NAME = "$(TARGET_NAME)";
				SWIFT_ACTIVE_COMPILATION_CONDITIONS = DEBUG;
				SWIFT_OPTIMIZATION_LEVEL = "-Onone";
				SWIFT_VERSION = 5.1;
			};
			name = Debug;
		};
		3DB3CA6B474A5894327E11F2 /* Release */ = {
			isa = XCBuildConfiguration;
			buildSettings = {
				ALWAYS_SEARCH_USER_PATHS = NO;
				CLANG_ANALYZER_NONNULL = YES;
				CLANG_ANALYZER_NUMBER_OBJECT_CONVERSION = YES_AGGRESSIVE;
				CLANG_CXX_LANGUAGE_STANDARD = "gnu++14";
				CLANG_CXX_LIBRARY = "libc++";
				CLANG_ENABLE_MODULES = YES;
				CLANG_ENABLE_OBJC_ARC = YES;
				CLANG_ENABLE_OBJC_WEAK = YES;
				CLANG_WARN_BLOCK_CAPTURE_AUTORELEASING = YES;
				CLANG_WARN_BOOL_CONVERSION = YES;
				CLANG_WARN_COMMA = YES;
				CLANG_WARN_CONSTANT_CONVERSION = YES;
				CLANG_WARN_DEPRECATED_OBJC_IMPLEMENTATIONS = YES;
				CLANG_WARN_DIRECT_OBJC_ISA_USAGE = YES_ERROR;
				CLANG_WARN_DOCUMENTATION_COMMENTS = YES;
				CLANG_WARN_EMPTY_BODY = YES;
				CLANG_WARN_ENUM_CONVERSION = YES;
				CLANG_WARN_INFINITE_RECURSION = YES;
				CLANG_WARN_INT_CONVERSION = YES;
				CLANG_WARN_NON_LITERAL_NULL_CONVERSION = YES;
				CLANG_WARN_OBJC_IMPLICIT_RETAIN_SELF = YES;
				CLANG_WARN_OBJC_LITERAL_CONVERSION = YES;
				CLANG_WARN_OBJC_ROOT_CLASS = YES_ERROR;
				CLANG_WARN_QUOTED_INCLUDE_IN_FRAMEWORK_HEADER = YES;
				CLANG_WARN_RANGE_LOOP_ANALYSIS = YES;
				CLANG_WARN_STRICT_PROTOTYPES = YES;
				CLANG_WARN_SUSPICIOUS_MOVE = YES;
				CLANG_WARN_UNGUARDED_AVAILABILITY = YES_AGGRESSIVE;
				CLANG_WARN_UNREACHABLE_CODE = YES;
				CLANG_WARN__DUPLICATE_METHOD_MATCH = YES;
				COPY_PHASE_STRIP = NO;
				DEBUG_INFORMATION_FORMAT = "dwarf-with-dsym";
				ENABLE_NS_ASSERTIONS = NO;
				ENABLE_STRICT_OBJC_MSGSEND = YES;
				GCC_C_LANGUAGE_STANDARD = gnu11;
				GCC_NO_COMMON_BLOCKS = YES;
				GCC_WARN_64_TO_32_BIT_CONVERSION = YES;
				GCC_WARN_ABOUT_RETURN_TYPE = YES_ERROR;
				GCC_WARN_UNDECLARED_SELECTOR = YES;
				GCC_WARN_UNINITIALIZED_AUTOS = YES_AGGRESSIVE;
				GCC_WARN_UNUSED_FUNCTION = YES;
				GCC_WARN_UNUSED_VARIABLE = YES;
				IPHONEOS_DEPLOYMENT_TARGET = 18.5;
				MTL_ENABLE_DEBUG_INFO = NO;
				MTL_FAST_MATH = YES;
				PRODUCT_NAME = "$(TARGET_NAME)";
				SWIFT_COMPILATION_MODE = wholemodule;
				SWIFT_OPTIMIZATION_LEVEL = "-O";
				SWIFT_VERSION = 5.1;
			};
			name = Release;
		};
		458AA221BC0AE7933EC7DF9C /* Debug */ = {
			isa = XCBuildConfiguration;
			buildSettings = {
				BUNDLE_LOADER = "$(TEST_HOST)";
				CODE_SIGNING_ALLOWED = NO;
				GENERATE_INFOPLIST_FILE = YES;
				IPHONEOS_DEPLOYMENT_TARGET = 18.5;
				LD_RUNPATH_SEARCH_PATHS = (
					"$(inherited)",
					"@executable_path/Frameworks",
					"@loader_path/Frameworks",
				);
				PRODUCT_BUNDLE_IDENTIFIER = com.birdcount.tests;
				SDKROOT = iphoneos;
				TARGETED_DEVICE_FAMILY = "1,2";
				TEST_HOST = "$(BUILT_PRODUCTS_DIR)/BirdCount.app/BirdCount";
			};
			name = Debug;
		};
		6E04A56AD558A09ED6096C2B /* Debug */ = {
			isa = XCBuildConfiguration;
			buildSettings = {
				BUNDLE_LOADER = "$(TEST_HOST)";
				CODE_SIGNING_ALLOWED = NO;
				COMBINE_HIDPI_IMAGES = YES;
				GENERATE_INFOPLIST_FILE = YES;
				LD_RUNPATH_SEARCH_PATHS = (
					"$(inherited)",
					"@executable_path/../Frameworks",
					"@loader_path/../Frameworks",
				);
				MACOSX_DEPLOYMENT_TARGET = 14.0;
				PRODUCT_BUNDLE_IDENTIFIER = com.birdcount.core.tests;
				SDKROOT = macosx;
			};
			name = Debug;
		};
		BFEBD179855562338668E190 /* Release */ = {
			isa = XCBuildConfiguration;
			buildSettings = {
				CODE_SIGN_IDENTITY = "";
				COMBINE_HIDPI_IMAGES = YES;
				CURRENT_PROJECT_VERSION = 1;
				DEFINES_MODULE = YES;
				DYLIB_COMPATIBILITY_VERSION = 1;
				DYLIB_CURRENT_VERSION = 1;
				DYLIB_INSTALL_NAME_BASE = "@rpath";
				INSTALL_PATH = "$(LOCAL_LIBRARY_DIR)/Frameworks";
				LD_RUNPATH_SEARCH_PATHS = (
					"$(inherited)",
					"@executable_path/../Frameworks",
				);
				MACOSX_DEPLOYMENT_TARGET = 14.0;
				PRODUCT_BUNDLE_IDENTIFIER = com.birdcount.core;
				SDKROOT = macosx;
				SKIP_INSTALL = YES;
				VERSIONING_SYSTEM = "apple-generic";
			};
			name = Release;
		};
		C4DFE5D3B9A64CC866114846 /* Debug */ = {
			isa = XCBuildConfiguration;
			buildSettings = {
				CODE_SIGN_IDENTITY = "";
				COMBINE_HIDPI_IMAGES = YES;
				CURRENT_PROJECT_VERSION = 1;
				DEFINES_MODULE = YES;
				DYLIB_COMPATIBILITY_VERSION = 1;
				DYLIB_CURRENT_VERSION = 1;
				DYLIB_INSTALL_NAME_BASE = "@rpath";
				INSTALL_PATH = "$(LOCAL_LIBRARY_DIR)/Frameworks";
				LD_RUNPATH_SEARCH_PATHS = (
					"$(inherited)",
					"@executable_path/../Frameworks",
				);
				MACOSX_DEPLOYMENT_TARGET = 14.0;
				PRODUCT_BUNDLE_IDENTIFIER = com.birdcount.core;
				SDKROOT = macosx;
				SKIP_INSTALL = YES;
				VERSIONING_SYSTEM = "apple-generic";
			};
			name = Debug;
		};
		D9E9B0F6CAF55EFEE759E440 /* Release */ = {
			isa = XCBuildConfiguration;
			buildSettings = {
				BUNDLE_LOADER = "$(TEST_HOST)";
				CODE_SIGNING_ALLOWED = NO;
				GENERATE_INFOPLIST_FILE = YES;
				IPHONEOS_DEPLOYMENT_TARGET = 18.5;
				LD_RUNPATH_SEARCH_PATHS = (
					"$(inherited)",
					"@executable_path/Frameworks",
					"@loader_path/Frameworks",
				);
				PRODUCT_BUNDLE_IDENTIFIER = com.birdcount.tests;
				SDKROOT = iphoneos;
				TARGETED_DEVICE_FAMILY = "1,2";
				TEST_HOST = "$(BUILT_PRODUCTS_DIR)/BirdCount.app/BirdCount";
			};
			name = Release;
		};
		EA1927F849D19A443F205B2B /* Release */ = {
			isa = XCBuildConfiguration;
			buildSettings = {
				ASSETCATALOG_COMPILER_APPICON_NAME = AppIcon;
				CODE_SIGN_IDENTITY = "iPhone Developer";
				INFOPLIST_FILE = BirdCount/BirdCount/Info.plist;
				IPHONEOS_DEPLOYMENT_TARGET = 18.5;
				LD_RUNPATH_SEARCH_PATHS = (
					"$(inherited)",
					"@executable_path/Frameworks",
				);
				PRODUCT_BUNDLE_IDENTIFIER = com.birdcount.app;
				SDKROOT = iphoneos;
				TARGETED_DEVICE_FAMILY = "1,2";
			};
			name = Release;
		};
/* End XCBuildConfiguration section */

/* Begin XCConfigurationList section */
		309F7BF35E37D0FE11358263 /* Build configuration list for PBXNativeTarget "BirdCountCore" */ = {
			isa = XCConfigurationList;
			buildConfigurations = (
				C4DFE5D3B9A64CC866114846 /* Debug */,
				BFEBD179855562338668E190 /* Release */,
			);
			defaultConfigurationIsVisible = 0;
			defaultConfigurationName = Debug;
		};
		363F05C82630623EA5C07B7E /* Build configuration list for PBXNativeTarget "BirdCountCoreTests" */ = {
			isa = XCConfigurationList;
			buildConfigurations = (
				6E04A56AD558A09ED6096C2B /* Debug */,
				163B010BD0187B400F907C4E /* Release */,
			);
			defaultConfigurationIsVisible = 0;
			defaultConfigurationName = Debug;
		};
		43D78743668B146AEE290428 /* Build configuration list for PBXNativeTarget "BirdCountTests" */ = {
			isa = XCConfigurationList;
			buildConfigurations = (
				458AA221BC0AE7933EC7DF9C /* Debug */,
				D9E9B0F6CAF55EFEE759E440 /* Release */,
			);
			defaultConfigurationIsVisible = 0;
			defaultConfigurationName = Debug;
		};
		8C271E7F5BEA81D09EBD1323 /* Build configuration list for PBXNativeTarget "BirdCount" */ = {
			isa = XCConfigurationList;
			buildConfigurations = (
				06D83211D8FD4F06736B557D /* Debug */,
				EA1927F849D19A443F205B2B /* Release */,
			);
			defaultConfigurationIsVisible = 0;
			defaultConfigurationName = Debug;
		};
		8DD62C39EA86F0F12E7D70F5 /* Build configuration list for PBXProject "BirdCount" */ = {
			isa = XCConfigurationList;
			buildConfigurations = (
				3603EDAA027DDDDAF4DF8CE1 /* Debug */,
				3DB3CA6B474A5894327E11F2 /* Release */,
			);
			defaultConfigurationIsVisible = 0;
			defaultConfigurationName = Debug;
		};
/* End XCConfigurationList section */
	};
	rootObject = 6B65AF1245C07E46D5190E1B /* Project object */;
}
